// !$*UTF8*$!
{
	archiveVersion = 1;
	classes = {
	};
	objectVersion = 46;
	objects = {

/* Begin PBXBuildFile section */
		B90980961EE2650F00AE4C12 /* SambagMonthYearPickerViewController.swift in Sources */ = {isa = PBXBuildFile; fileRef = B90980951EE2650F00AE4C12 /* SambagMonthYearPickerViewController.swift */; };
		B90980981EE2655700AE4C12 /* SambagMonthYearPickerResult.swift in Sources */ = {isa = PBXBuildFile; fileRef = B90980971EE2655700AE4C12 /* SambagMonthYearPickerResult.swift */; };
		B909809A1EE2844500AE4C12 /* SambagDatePickerViewController.swift in Sources */ = {isa = PBXBuildFile; fileRef = B90980991EE2844500AE4C12 /* SambagDatePickerViewController.swift */; };
		B909809C1EE2846000AE4C12 /* SambagDatePickerResult.swift in Sources */ = {isa = PBXBuildFile; fileRef = B909809B1EE2846000AE4C12 /* SambagDatePickerResult.swift */; };
		B9AB7ADA1EE134F600B2EA1B /* AlphaTransitioning.swift in Sources */ = {isa = PBXBuildFile; fileRef = B9AB7AD51EE134F600B2EA1B /* AlphaTransitioning.swift */; };
		B9AB7ADB1EE134F600B2EA1B /* SambagTimePickerResult.swift in Sources */ = {isa = PBXBuildFile; fileRef = B9AB7AD61EE134F600B2EA1B /* SambagTimePickerResult.swift */; };
		B9AB7ADC1EE134F600B2EA1B /* SambagTimePickerViewController.swift in Sources */ = {isa = PBXBuildFile; fileRef = B9AB7AD71EE134F600B2EA1B /* SambagTimePickerViewController.swift */; };
		B9AB7ADD1EE134F600B2EA1B /* TimeMeridian.swift in Sources */ = {isa = PBXBuildFile; fileRef = B9AB7AD81EE134F600B2EA1B /* TimeMeridian.swift */; };
		B9AB7ADE1EE134F600B2EA1B /* WheelViewController.swift in Sources */ = {isa = PBXBuildFile; fileRef = B9AB7AD91EE134F600B2EA1B /* WheelViewController.swift */; };
		B9AB7AE41EE136BC00B2EA1B /* SambagTheme.swift in Sources */ = {isa = PBXBuildFile; fileRef = B9AB7AE31EE136BC00B2EA1B /* SambagTheme.swift */; };
		B9CE3FA21EDFDEA700E833CC /* AppDelegate.swift in Sources */ = {isa = PBXBuildFile; fileRef = B9CE3FA11EDFDEA700E833CC /* AppDelegate.swift */; };
		B9CE3FA41EDFDEA700E833CC /* ViewController.swift in Sources */ = {isa = PBXBuildFile; fileRef = B9CE3FA31EDFDEA700E833CC /* ViewController.swift */; };
		B9CE3FA71EDFDEA700E833CC /* Main.storyboard in Resources */ = {isa = PBXBuildFile; fileRef = B9CE3FA51EDFDEA700E833CC /* Main.storyboard */; };
		B9CE3FA91EDFDEA700E833CC /* Assets.xcassets in Resources */ = {isa = PBXBuildFile; fileRef = B9CE3FA81EDFDEA700E833CC /* Assets.xcassets */; };
		B9CE3FAC1EDFDEA700E833CC /* LaunchScreen.storyboard in Resources */ = {isa = PBXBuildFile; fileRef = B9CE3FAA1EDFDEA700E833CC /* LaunchScreen.storyboard */; };
/* End PBXBuildFile section */

/* Begin PBXFileReference section */
		B90980951EE2650F00AE4C12 /* SambagMonthYearPickerViewController.swift */ = {isa = PBXFileReference; fileEncoding = 4; lastKnownFileType = sourcecode.swift; path = SambagMonthYearPickerViewController.swift; sourceTree = "<group>"; };
		B90980971EE2655700AE4C12 /* SambagMonthYearPickerResult.swift */ = {isa = PBXFileReference; fileEncoding = 4; lastKnownFileType = sourcecode.swift; path = SambagMonthYearPickerResult.swift; sourceTree = "<group>"; };
		B90980991EE2844500AE4C12 /* SambagDatePickerViewController.swift */ = {isa = PBXFileReference; fileEncoding = 4; lastKnownFileType = sourcecode.swift; path = SambagDatePickerViewController.swift; sourceTree = "<group>"; };
		B909809B1EE2846000AE4C12 /* SambagDatePickerResult.swift */ = {isa = PBXFileReference; fileEncoding = 4; lastKnownFileType = sourcecode.swift; path = SambagDatePickerResult.swift; sourceTree = "<group>"; };
		B9AB7AD51EE134F600B2EA1B /* AlphaTransitioning.swift */ = {isa = PBXFileReference; fileEncoding = 4; lastKnownFileType = sourcecode.swift; path = AlphaTransitioning.swift; sourceTree = "<group>"; };
		B9AB7AD61EE134F600B2EA1B /* SambagTimePickerResult.swift */ = {isa = PBXFileReference; fileEncoding = 4; lastKnownFileType = sourcecode.swift; path = SambagTimePickerResult.swift; sourceTree = "<group>"; };
		B9AB7AD71EE134F600B2EA1B /* SambagTimePickerViewController.swift */ = {isa = PBXFileReference; fileEncoding = 4; lastKnownFileType = sourcecode.swift; path = SambagTimePickerViewController.swift; sourceTree = "<group>"; };
		B9AB7AD81EE134F600B2EA1B /* TimeMeridian.swift */ = {isa = PBXFileReference; fileEncoding = 4; lastKnownFileType = sourcecode.swift; path = TimeMeridian.swift; sourceTree = "<group>"; };
		B9AB7AD91EE134F600B2EA1B /* WheelViewController.swift */ = {isa = PBXFileReference; fileEncoding = 4; lastKnownFileType = sourcecode.swift; path = WheelViewController.swift; sourceTree = "<group>"; };
		B9AB7AE31EE136BC00B2EA1B /* SambagTheme.swift */ = {isa = PBXFileReference; fileEncoding = 4; lastKnownFileType = sourcecode.swift; path = SambagTheme.swift; sourceTree = "<group>"; };
		B9CE3F9E1EDFDEA600E833CC /* Sambag.app */ = {isa = PBXFileReference; explicitFileType = wrapper.application; includeInIndex = 0; path = Sambag.app; sourceTree = BUILT_PRODUCTS_DIR; };
		B9CE3FA11EDFDEA700E833CC /* AppDelegate.swift */ = {isa = PBXFileReference; lastKnownFileType = sourcecode.swift; path = AppDelegate.swift; sourceTree = "<group>"; };
		B9CE3FA31EDFDEA700E833CC /* ViewController.swift */ = {isa = PBXFileReference; lastKnownFileType = sourcecode.swift; path = ViewController.swift; sourceTree = "<group>"; };
		B9CE3FA61EDFDEA700E833CC /* Base */ = {isa = PBXFileReference; lastKnownFileType = file.storyboard; name = Base; path = Base.lproj/Main.storyboard; sourceTree = "<group>"; };
		B9CE3FA81EDFDEA700E833CC /* Assets.xcassets */ = {isa = PBXFileReference; lastKnownFileType = folder.assetcatalog; path = Assets.xcassets; sourceTree = "<group>"; };
		B9CE3FAB1EDFDEA700E833CC /* Base */ = {isa = PBXFileReference; lastKnownFileType = file.storyboard; name = Base; path = Base.lproj/LaunchScreen.storyboard; sourceTree = "<group>"; };
		B9CE3FAD1EDFDEA700E833CC /* Info.plist */ = {isa = PBXFileReference; lastKnownFileType = text.plist.xml; path = Info.plist; sourceTree = "<group>"; };
/* End PBXFileReference section */

/* Begin PBXFrameworksBuildPhase section */
		B9CE3F9B1EDFDEA600E833CC /* Frameworks */ = {
			isa = PBXFrameworksBuildPhase;
			buildActionMask = 2147483647;
			files = (
			);
			runOnlyForDeploymentPostprocessing = 0;
		};
/* End PBXFrameworksBuildPhase section */

/* Begin PBXGroup section */
		B9AB7AD41EE134F600B2EA1B /* Source */ = {
			isa = PBXGroup;
			children = (
				B9AB7AD51EE134F600B2EA1B /* AlphaTransitioning.swift */,
				B909809B1EE2846000AE4C12 /* SambagDatePickerResult.swift */,
				B90980991EE2844500AE4C12 /* SambagDatePickerViewController.swift */,
				B90980971EE2655700AE4C12 /* SambagMonthYearPickerResult.swift */,
				B90980951EE2650F00AE4C12 /* SambagMonthYearPickerViewController.swift */,
				B9AB7AE31EE136BC00B2EA1B /* SambagTheme.swift */,
				B9AB7AD61EE134F600B2EA1B /* SambagTimePickerResult.swift */,
				B9AB7AD71EE134F600B2EA1B /* SambagTimePickerViewController.swift */,
				B9AB7AD81EE134F600B2EA1B /* TimeMeridian.swift */,
				B9AB7AD91EE134F600B2EA1B /* WheelViewController.swift */,
			);
			path = Source;
			sourceTree = "<group>";
		};
		B9AB7ADF1EE134FF00B2EA1B /* Application */ = {
			isa = PBXGroup;
			children = (
				B9CE3FA11EDFDEA700E833CC /* AppDelegate.swift */,
			);
			name = Application;
			sourceTree = "<group>";
		};
		B9AB7AE01EE1350E00B2EA1B /* ViewControllers */ = {
			isa = PBXGroup;
			children = (
				B9CE3FA31EDFDEA700E833CC /* ViewController.swift */,
			);
			name = ViewControllers;
			sourceTree = "<group>";
		};
		B9AB7AE11EE1352600B2EA1B /* Resources */ = {
			isa = PBXGroup;
			children = (
				B9CE3FA51EDFDEA700E833CC /* Main.storyboard */,
				B9CE3FA81EDFDEA700E833CC /* Assets.xcassets */,
				B9CE3FAA1EDFDEA700E833CC /* LaunchScreen.storyboard */,
			);
			name = Resources;
			sourceTree = "<group>";
		};
		B9AB7AE21EE1352C00B2EA1B /* Support Files */ = {
			isa = PBXGroup;
			children = (
				B9CE3FAD1EDFDEA700E833CC /* Info.plist */,
			);
			name = "Support Files";
			sourceTree = "<group>";
		};
		B9CE3F951EDFDEA600E833CC = {
			isa = PBXGroup;
			children = (
				B9CE3FA01EDFDEA600E833CC /* Sambag */,
				B9CE3F9F1EDFDEA600E833CC /* Products */,
			);
			sourceTree = "<group>";
		};
		B9CE3F9F1EDFDEA600E833CC /* Products */ = {
			isa = PBXGroup;
			children = (
				B9CE3F9E1EDFDEA600E833CC /* Sambag.app */,
			);
			name = Products;
			sourceTree = "<group>";
		};
		B9CE3FA01EDFDEA600E833CC /* Sambag */ = {
			isa = PBXGroup;
			children = (
				B9AB7ADF1EE134FF00B2EA1B /* Application */,
				B9AB7AE11EE1352600B2EA1B /* Resources */,
				B9AB7AD41EE134F600B2EA1B /* Source */,
				B9AB7AE21EE1352C00B2EA1B /* Support Files */,
				B9AB7AE01EE1350E00B2EA1B /* ViewControllers */,
			);
			path = Sambag;
			sourceTree = "<group>";
		};
/* End PBXGroup section */

/* Begin PBXNativeTarget section */
		B9CE3F9D1EDFDEA600E833CC /* Sambag */ = {
			isa = PBXNativeTarget;
			buildConfigurationList = B9CE3FB01EDFDEA700E833CC /* Build configuration list for PBXNativeTarget "Sambag" */;
			buildPhases = (
				B9CE3F9A1EDFDEA600E833CC /* Sources */,
				B9CE3F9B1EDFDEA600E833CC /* Frameworks */,
				B9CE3F9C1EDFDEA600E833CC /* Resources */,
			);
			buildRules = (
			);
			dependencies = (
			);
			name = Sambag;
			productName = Sambag;
			productReference = B9CE3F9E1EDFDEA600E833CC /* Sambag.app */;
			productType = "com.apple.product-type.application";
		};
/* End PBXNativeTarget section */

/* Begin PBXProject section */
		B9CE3F961EDFDEA600E833CC /* Project object */ = {
			isa = PBXProject;
			attributes = {
				LastSwiftUpdateCheck = 0800;
				LastUpgradeCheck = 0800;
				ORGANIZATIONNAME = Ner;
				TargetAttributes = {
					B9CE3F9D1EDFDEA600E833CC = {
						CreatedOnToolsVersion = 8.0;
						DevelopmentTeam = 4WBRGV5Z9M;
						ProvisioningStyle = Automatic;
					};
				};
			};
			buildConfigurationList = B9CE3F991EDFDEA600E833CC /* Build configuration list for PBXProject "Sambag" */;
			compatibilityVersion = "Xcode 3.2";
			developmentRegion = English;
			hasScannedForEncodings = 0;
			knownRegions = (
				en,
				Base,
			);
			mainGroup = B9CE3F951EDFDEA600E833CC;
			productRefGroup = B9CE3F9F1EDFDEA600E833CC /* Products */;
			projectDirPath = "";
			projectRoot = "";
			targets = (
				B9CE3F9D1EDFDEA600E833CC /* Sambag */,
			);
		};
/* End PBXProject section */

/* Begin PBXResourcesBuildPhase section */
		B9CE3F9C1EDFDEA600E833CC /* Resources */ = {
			isa = PBXResourcesBuildPhase;
			buildActionMask = 2147483647;
			files = (
				B9CE3FAC1EDFDEA700E833CC /* LaunchScreen.storyboard in Resources */,
				B9CE3FA91EDFDEA700E833CC /* Assets.xcassets in Resources */,
				B9CE3FA71EDFDEA700E833CC /* Main.storyboard in Resources */,
			);
			runOnlyForDeploymentPostprocessing = 0;
		};
/* End PBXResourcesBuildPhase section */

/* Begin PBXSourcesBuildPhase section */
		B9CE3F9A1EDFDEA600E833CC /* Sources */ = {
			isa = PBXSourcesBuildPhase;
			buildActionMask = 2147483647;
			files = (
				B9CE3FA41EDFDEA700E833CC /* ViewController.swift in Sources */,
				B9AB7ADD1EE134F600B2EA1B /* TimeMeridian.swift in Sources */,
				B9AB7AE41EE136BC00B2EA1B /* SambagTheme.swift in Sources */,
				B90980961EE2650F00AE4C12 /* SambagMonthYearPickerViewController.swift in Sources */,
				B9CE3FA21EDFDEA700E833CC /* AppDelegate.swift in Sources */,
				B909809C1EE2846000AE4C12 /* SambagDatePickerResult.swift in Sources */,
				B90980981EE2655700AE4C12 /* SambagMonthYearPickerResult.swift in Sources */,
				B9AB7ADB1EE134F600B2EA1B /* SambagTimePickerResult.swift in Sources */,
				B9AB7ADA1EE134F600B2EA1B /* AlphaTransitioning.swift in Sources */,
				B9AB7ADE1EE134F600B2EA1B /* WheelViewController.swift in Sources */,
				B9AB7ADC1EE134F600B2EA1B /* SambagTimePickerViewController.swift in Sources */,
				B909809A1EE2844500AE4C12 /* SambagDatePickerViewController.swift in Sources */,
			);
			runOnlyForDeploymentPostprocessing = 0;
		};
/* End PBXSourcesBuildPhase section */

/* Begin PBXVariantGroup section */
		B9CE3FA51EDFDEA700E833CC /* Main.storyboard */ = {
			isa = PBXVariantGroup;
			children = (
				B9CE3FA61EDFDEA700E833CC /* Base */,
			);
			name = Main.storyboard;
			sourceTree = "<group>";
		};
		B9CE3FAA1EDFDEA700E833CC /* LaunchScreen.storyboard */ = {
			isa = PBXVariantGroup;
			children = (
				B9CE3FAB1EDFDEA700E833CC /* Base */,
			);
			name = LaunchScreen.storyboard;
			sourceTree = "<group>";
		};
/* End PBXVariantGroup section */

/* Begin XCBuildConfiguration section */
		B9CE3FAE1EDFDEA700E833CC /* Debug */ = {
			isa = XCBuildConfiguration;
			buildSettings = {
				ALWAYS_SEARCH_USER_PATHS = NO;
				CLANG_ANALYZER_NONNULL = YES;
				CLANG_CXX_LANGUAGE_STANDARD = "gnu++0x";
				CLANG_CXX_LIBRARY = "libc++";
				CLANG_ENABLE_MODULES = YES;
				CLANG_ENABLE_OBJC_ARC = YES;
				CLANG_WARN_BOOL_CONVERSION = YES;
				CLANG_WARN_CONSTANT_CONVERSION = YES;
				CLANG_WARN_DIRECT_OBJC_ISA_USAGE = YES_ERROR;
				CLANG_WARN_DOCUMENTATION_COMMENTS = YES;
				CLANG_WARN_EMPTY_BODY = YES;
				CLANG_WARN_ENUM_CONVERSION = YES;
				CLANG_WARN_INFINITE_RECURSION = YES;
				CLANG_WARN_INT_CONVERSION = YES;
				CLANG_WARN_OBJC_ROOT_CLASS = YES_ERROR;
				CLANG_WARN_SUSPICIOUS_MOVES = YES;
				CLANG_WARN_UNREACHABLE_CODE = YES;
				CLANG_WARN__DUPLICATE_METHOD_MATCH = YES;
				"CODE_SIGN_IDENTITY[sdk=iphoneos*]" = "iPhone Developer";
				COPY_PHASE_STRIP = NO;
				DEBUG_INFORMATION_FORMAT = dwarf;
				ENABLE_STRICT_OBJC_MSGSEND = YES;
				ENABLE_TESTABILITY = YES;
				GCC_C_LANGUAGE_STANDARD = gnu99;
				GCC_DYNAMIC_NO_PIC = NO;
				GCC_NO_COMMON_BLOCKS = YES;
				GCC_OPTIMIZATION_LEVEL = 0;
				GCC_PREPROCESSOR_DEFINITIONS = (
					"DEBUG=1",
					"$(inherited)",
				);
				GCC_WARN_64_TO_32_BIT_CONVERSION = YES;
				GCC_WARN_ABOUT_RETURN_TYPE = YES_ERROR;
				GCC_WARN_UNDECLARED_SELECTOR = YES;
				GCC_WARN_UNINITIALIZED_AUTOS = YES_AGGRESSIVE;
				GCC_WARN_UNUSED_FUNCTION = YES;
				GCC_WARN_UNUSED_VARIABLE = YES;
				IPHONEOS_DEPLOYMENT_TARGET = 10.0;
				MTL_ENABLE_DEBUG_INFO = YES;
				ONLY_ACTIVE_ARCH = YES;
				SDKROOT = iphoneos;
				SWIFT_ACTIVE_COMPILATION_CONDITIONS = DEBUG;
				SWIFT_OPTIMIZATION_LEVEL = "-Onone";
				TARGETED_DEVICE_FAMILY = "1,2";
			};
			name = Debug;
		};
		B9CE3FAF1EDFDEA700E833CC /* Release */ = {
			isa = XCBuildConfiguration;
			buildSettings = {
				ALWAYS_SEARCH_USER_PATHS = NO;
				CLANG_ANALYZER_NONNULL = YES;
				CLANG_CXX_LANGUAGE_STANDARD = "gnu++0x";
				CLANG_CXX_LIBRARY = "libc++";
				CLANG_ENABLE_MODULES = YES;
				CLANG_ENABLE_OBJC_ARC = YES;
				CLANG_WARN_BOOL_CONVERSION = YES;
				CLANG_WARN_CONSTANT_CONVERSION = YES;
				CLANG_WARN_DIRECT_OBJC_ISA_USAGE = YES_ERROR;
				CLANG_WARN_DOCUMENTATION_COMMENTS = YES;
				CLANG_WARN_EMPTY_BODY = YES;
				CLANG_WARN_ENUM_CONVERSION = YES;
				CLANG_WARN_INFINITE_RECURSION = YES;
				CLANG_WARN_INT_CONVERSION = YES;
				CLANG_WARN_OBJC_ROOT_CLASS = YES_ERROR;
				CLANG_WARN_SUSPICIOUS_MOVES = YES;
				CLANG_WARN_UNREACHABLE_CODE = YES;
				CLANG_WARN__DUPLICATE_METHOD_MATCH = YES;
				"CODE_SIGN_IDENTITY[sdk=iphoneos*]" = "iPhone Developer";
				COPY_PHASE_STRIP = NO;
				DEBUG_INFORMATION_FORMAT = "dwarf-with-dsym";
				ENABLE_NS_ASSERTIONS = NO;
				ENABLE_STRICT_OBJC_MSGSEND = YES;
				GCC_C_LANGUAGE_STANDARD = gnu99;
				GCC_NO_COMMON_BLOCKS = YES;
				GCC_WARN_64_TO_32_BIT_CONVERSION = YES;
				GCC_WARN_ABOUT_RETURN_TYPE = YES_ERROR;
				GCC_WARN_UNDECLARED_SELECTOR = YES;
				GCC_WARN_UNINITIALIZED_AUTOS = YES_AGGRESSIVE;
				GCC_WARN_UNUSED_FUNCTION = YES;
				GCC_WARN_UNUSED_VARIABLE = YES;
				IPHONEOS_DEPLOYMENT_TARGET = 10.0;
				MTL_ENABLE_DEBUG_INFO = NO;
				SDKROOT = iphoneos;
				SWIFT_OPTIMIZATION_LEVEL = "-Owholemodule";
				TARGETED_DEVICE_FAMILY = "1,2";
				VALIDATE_PRODUCT = YES;
			};
			name = Release;
		};
		B9CE3FB11EDFDEA700E833CC /* Debug */ = {
			isa = XCBuildConfiguration;
			buildSettings = {
				ASSETCATALOG_COMPILER_APPICON_NAME = AppIcon;
				DEVELOPMENT_TEAM = 4WBRGV5Z9M;
				INFOPLIST_FILE = Sambag/Info.plist;
				LD_RUNPATH_SEARCH_PATHS = "$(inherited) @executable_path/Frameworks";
				PRODUCT_BUNDLE_IDENTIFIER = com.ner.Sambag;
				PRODUCT_NAME = "$(TARGET_NAME)";
				SWIFT_VERSION = 3.0;
			};
			name = Debug;
		};
		B9CE3FB21EDFDEA700E833CC /* Release */ = {
			isa = XCBuildConfiguration;
			buildSettings = {
				ASSETCATALOG_COMPILER_APPICON_NAME = AppIcon;
				DEVELOPMENT_TEAM = 4WBRGV5Z9M;
				INFOPLIST_FILE = Sambag/Info.plist;
				LD_RUNPATH_SEARCH_PATHS = "$(inherited) @executable_path/Frameworks";
				PRODUCT_BUNDLE_IDENTIFIER = com.ner.Sambag;
				PRODUCT_NAME = "$(TARGET_NAME)";
				SWIFT_VERSION = 3.0;
			};
			name = Release;
		};
/* End XCBuildConfiguration section */

/* Begin XCConfigurationList section */
		B9CE3F991EDFDEA600E833CC /* Build configuration list for PBXProject "Sambag" */ = {
			isa = XCConfigurationList;
			buildConfigurations = (
				B9CE3FAE1EDFDEA700E833CC /* Debug */,
				B9CE3FAF1EDFDEA700E833CC /* Release */,
			);
			defaultConfigurationIsVisible = 0;
			defaultConfigurationName = Release;
		};
		B9CE3FB01EDFDEA700E833CC /* Build configuration list for PBXNativeTarget "Sambag" */ = {
			isa = XCConfigurationList;
			buildConfigurations = (
				B9CE3FB11EDFDEA700E833CC /* Debug */,
				B9CE3FB21EDFDEA700E833CC /* Release */,
			);
			defaultConfigurationIsVisible = 0;
			defaultConfigurationName = Release;
		};
/* End XCConfigurationList section */
	};
	rootObject = B9CE3F961EDFDEA600E833CC /* Project object */;
}
